
Microsoft Visual Studio Solution File, Format Version 12.00
# Visual Studio Version 16
VisualStudioVersion = 16.0.31727.386
MinimumVisualStudioVersion = 10.0.40219.1
Project("{9A19103F-16F7-4668-BE54-9A1E7A4F7556}") = "Task_14_10_1", "Task_14_10_1\Task_14_10_1.csproj", "{366DA3BB-845B-45F8-9689-50A5AB5182FC}"
EndProject
Project("{FAE04EC0-301F-11D3-BF4B-00C04F79EFBC}") = "Test", "Test\Test.csproj", "{6705D7F2-F47A-4439-9466-5FC68F4C9DB5}"
EndProject
Global
	GlobalSection(SolutionConfigurationPlatforms) = preSolution
		Debug|Any CPU = Debug|Any CPU
		Release|Any CPU = Release|Any CPU
	EndGlobalSection
	GlobalSection(ProjectConfigurationPlatforms) = postSolution
		{366DA3BB-845B-45F8-9689-50A5AB5182FC}.Debug|Any CPU.ActiveCfg = Debug|Any CPU
		{366DA3BB-845B-45F8-9689-50A5AB5182FC}.Debug|Any CPU.Build.0 = Debug|Any CPU
		{366DA3BB-845B-45F8-9689-50A5AB5182FC}.Release|Any CPU.ActiveCfg = Release|Any CPU
		{366DA3BB-845B-45F8-9689-50A5AB5182FC}.Release|Any CPU.Build.0 = Release|Any CPU
		{6705D7F2-F47A-4439-9466-5FC68F4C9DB5}.Debug|Any CPU.ActiveCfg = Debug|Any CPU
		{6705D7F2-F47A-4439-9466-5FC68F4C9DB5}.Debug|Any CPU.Build.0 = Debug|Any CPU
		{6705D7F2-F47A-4439-9466-5FC68F4C9DB5}.Release|Any CPU.ActiveCfg = Release|Any CPU
		{6705D7F2-F47A-4439-9466-5FC68F4C9DB5}.Release|Any CPU.Build.0 = Release|Any CPU
	EndGlobalSection
	GlobalSection(SolutionProperties) = preSolution
		HideSolutionNode = FALSE
	EndGlobalSection
	GlobalSection(ExtensibilityGlobals) = postSolution
		SolutionGuid = {74ABCE12-DE8D-412B-AFD2-F514C8F1C61C}
	EndGlobalSection
EndGlobal
